
Microsoft Visual Studio Solution File, Format Version 12.00
# Visual Studio Version 16
VisualStudioVersion = 16.0.810.11
MinimumVisualStudioVersion = 10.0.40219.1
Project("{FAE04EC0-301F-11D3-BF4B-00C04F79EFBC}") = "InventoryAPI", "InventoryAPI\InventoryAPI.csproj", "{FD94D251-1A5F-4695-B937-8D4989F66AC2}"
EndProject
Project("{FAE04EC0-301F-11D3-BF4B-00C04F79EFBC}") = "Inventory.Domain", "Inventory.Domain\Inventory.Domain.csproj", "{5D24C87E-FA7C-43EA-91D9-F1D0CF37EC62}"
EndProject
Project("{FAE04EC0-301F-11D3-BF4B-00C04F79EFBC}") = "Inventory.Infrastructure", "Inventory.Infrastructure\Inventory.Infrastructure.csproj", "{D4585A7C-BFED-49A0-A7BB-8D2D561F80E6}"
EndProject
Global
	GlobalSection(SolutionConfigurationPlatforms) = preSolution
		Debug|Any CPU = Debug|Any CPU
		Release|Any CPU = Release|Any CPU
	EndGlobalSection
	GlobalSection(ProjectConfigurationPlatforms) = postSolution
		{FD94D251-1A5F-4695-B937-8D4989F66AC2}.Debug|Any CPU.ActiveCfg = Debug|Any CPU
		{FD94D251-1A5F-4695-B937-8D4989F66AC2}.Debug|Any CPU.Build.0 = Debug|Any CPU
		{FD94D251-1A5F-4695-B937-8D4989F66AC2}.Release|Any CPU.ActiveCfg = Release|Any CPU
		{FD94D251-1A5F-4695-B937-8D4989F66AC2}.Release|Any CPU.Build.0 = Release|Any CPU
		{5D24C87E-FA7C-43EA-91D9-F1D0CF37EC62}.Debug|Any CPU.ActiveCfg = Debug|Any CPU
		{5D24C87E-FA7C-43EA-91D9-F1D0CF37EC62}.Debug|Any CPU.Build.0 = Debug|Any CPU
		{5D24C87E-FA7C-43EA-91D9-F1D0CF37EC62}.Release|Any CPU.ActiveCfg = Release|Any CPU
		{5D24C87E-FA7C-43EA-91D9-F1D0CF37EC62}.Release|Any CPU.Build.0 = Release|Any CPU
		{D4585A7C-BFED-49A0-A7BB-8D2D561F80E6}.Debug|Any CPU.ActiveCfg = Debug|Any CPU
		{D4585A7C-BFED-49A0-A7BB-8D2D561F80E6}.Debug|Any CPU.Build.0 = Debug|Any CPU
		{D4585A7C-BFED-49A0-A7BB-8D2D561F80E6}.Release|Any CPU.ActiveCfg = Release|Any CPU
		{D4585A7C-BFED-49A0-A7BB-8D2D561F80E6}.Release|Any CPU.Build.0 = Release|Any CPU
	EndGlobalSection
	GlobalSection(SolutionProperties) = preSolution
		HideSolutionNode = FALSE
	EndGlobalSection
	GlobalSection(ExtensibilityGlobals) = postSolution
		SolutionGuid = {DAF4DEB1-D4A3-4B7C-8D02-DDC5823F845A}
	EndGlobalSection
EndGlobal
